
Microsoft Visual Studio Solution File, Format Version 12.00
# Visual Studio Version 17
VisualStudioVersion = 17.8.34004.107
MinimumVisualStudioVersion = 10.0.40219.1
Project("{9A19103F-16F7-4668-BE54-9A1E7A4F7556}") = "DataEntities", "DataEntities\DataEntities.csproj", "{E42C986A-98CA-4FBC-9F9F-88F8C7CB1603}"
EndProject
Project("{9A19103F-16F7-4668-BE54-9A1E7A4F7556}") = "Products", "Products\Products.csproj", "{3366FB0E-CCF3-4620-924E-F2DA34BC00F8}"
EndProject
Project("{9A19103F-16F7-4668-BE54-9A1E7A4F7556}") = "Store", "Store\Store.csproj", "{2E156904-6754-43F5-8B27-9B9D6479D9FC}"
EndProject
Project("{2150E333-8FDC-42A3-9474-1A3956D46DE8}") = "Solution Items", "Solution Items", "{BE25919E-C9FD-449C-B1FA-3E28784535A4}"
	ProjectSection(SolutionItems) = preProject
		Commands.md = Commands.md
		global.json = global.json
		README.md = README.md
	EndProjectSection
EndProject
Project("{9A19103F-16F7-4668-BE54-9A1E7A4F7556}") = "MyShop.AppHost", "MyShop.AppHost\MyShop.AppHost.csproj", "{2AFC7EED-4BE7-438C-A212-27554FD9BA2B}"
EndProject
Project("{9A19103F-16F7-4668-BE54-9A1E7A4F7556}") = "MyShop.ServiceDefaults", "MyShop.ServiceDefaults\MyShop.ServiceDefaults.csproj", "{A4D8571B-D24B-4430-AA6C-C861551EF599}"
EndProject
Project("{9A19103F-16F7-4668-BE54-9A1E7A4F7556}") = "Payment", "Payment\Payment.csproj", "{DD6806C9-0AE7-4EFC-917B-3CB645E98AF4}"
	ProjectSection(ProjectDependencies) = postProject
		{E42C986A-98CA-4FBC-9F9F-88F8C7CB1603} = {E42C986A-98CA-4FBC-9F9F-88F8C7CB1603}
	EndProjectSection
EndProject
Project("{9A19103F-16F7-4668-BE54-9A1E7A4F7556}") = "Authentication", "Authentication\Authentication.csproj", "{10A5CE43-73DD-4A30-8FA3-1407C5BE4C4D}"
EndProject
Project("{9A19103F-16F7-4668-BE54-9A1E7A4F7556}") = "Basket", "Basket\Basket.csproj", "{B862BD70-BC5B-48FC-8D2F-B4470EF198F4}"
EndProject
Project("{9A19103F-16F7-4668-BE54-9A1E7A4F7556}") = "NotificationService", "NotidicationService\NotificationService.csproj", "{21D61CFD-5DE6-48F5-A99D-B3D781032B16}"
EndProject
Global
	GlobalSection(SolutionConfigurationPlatforms) = preSolution
		Debug|Any CPU = Debug|Any CPU
		Release|Any CPU = Release|Any CPU
	EndGlobalSection
	GlobalSection(ProjectConfigurationPlatforms) = postSolution
		{E42C986A-98CA-4FBC-9F9F-88F8C7CB1603}.Debug|Any CPU.ActiveCfg = Debug|Any CPU
		{E42C986A-98CA-4FBC-9F9F-88F8C7CB1603}.Debug|Any CPU.Build.0 = Debug|Any CPU
		{E42C986A-98CA-4FBC-9F9F-88F8C7CB1603}.Release|Any CPU.ActiveCfg = Release|Any CPU
		{E42C986A-98CA-4FBC-9F9F-88F8C7CB1603}.Release|Any CPU.Build.0 = Release|Any CPU
		{3366FB0E-CCF3-4620-924E-F2DA34BC00F8}.Debug|Any CPU.ActiveCfg = Debug|Any CPU
		{3366FB0E-CCF3-4620-924E-F2DA34BC00F8}.Debug|Any CPU.Build.0 = Debug|Any CPU
		{3366FB0E-CCF3-4620-924E-F2DA34BC00F8}.Release|Any CPU.ActiveCfg = Release|Any CPU
		{3366FB0E-CCF3-4620-924E-F2DA34BC00F8}.Release|Any CPU.Build.0 = Release|Any CPU
		{2E156904-6754-43F5-8B27-9B9D6479D9FC}.Debug|Any CPU.ActiveCfg = Debug|Any CPU
		{2E156904-6754-43F5-8B27-9B9D6479D9FC}.Debug|Any CPU.Build.0 = Debug|Any CPU
		{2E156904-6754-43F5-8B27-9B9D6479D9FC}.Release|Any CPU.ActiveCfg = Release|Any CPU
		{2E156904-6754-43F5-8B27-9B9D6479D9FC}.Release|Any CPU.Build.0 = Release|Any CPU
		{2AFC7EED-4BE7-438C-A212-27554FD9BA2B}.Debug|Any CPU.ActiveCfg = Debug|Any CPU
		{2AFC7EED-4BE7-438C-A212-27554FD9BA2B}.Debug|Any CPU.Build.0 = Debug|Any CPU
		{2AFC7EED-4BE7-438C-A212-27554FD9BA2B}.Release|Any CPU.ActiveCfg = Release|Any CPU
		{2AFC7EED-4BE7-438C-A212-27554FD9BA2B}.Release|Any CPU.Build.0 = Release|Any CPU
		{A4D8571B-D24B-4430-AA6C-C861551EF599}.Debug|Any CPU.ActiveCfg = Debug|Any CPU
		{A4D8571B-D24B-4430-AA6C-C861551EF599}.Debug|Any CPU.Build.0 = Debug|Any CPU
		{A4D8571B-D24B-4430-AA6C-C861551EF599}.Release|Any CPU.ActiveCfg = Release|Any CPU
		{A4D8571B-D24B-4430-AA6C-C861551EF599}.Release|Any CPU.Build.0 = Release|Any CPU
		{DD6806C9-0AE7-4EFC-917B-3CB645E98AF4}.Debug|Any CPU.ActiveCfg = Debug|Any CPU
		{DD6806C9-0AE7-4EFC-917B-3CB645E98AF4}.Debug|Any CPU.Build.0 = Debug|Any CPU
		{DD6806C9-0AE7-4EFC-917B-3CB645E98AF4}.Release|Any CPU.ActiveCfg = Release|Any CPU
		{DD6806C9-0AE7-4EFC-917B-3CB645E98AF4}.Release|Any CPU.Build.0 = Release|Any CPU
		{10A5CE43-73DD-4A30-8FA3-1407C5BE4C4D}.Debug|Any CPU.ActiveCfg = Debug|Any CPU
		{10A5CE43-73DD-4A30-8FA3-1407C5BE4C4D}.Debug|Any CPU.Build.0 = Debug|Any CPU
		{10A5CE43-73DD-4A30-8FA3-1407C5BE4C4D}.Release|Any CPU.ActiveCfg = Release|Any CPU
		{10A5CE43-73DD-4A30-8FA3-1407C5BE4C4D}.Release|Any CPU.Build.0 = Release|Any CPU
		{B862BD70-BC5B-48FC-8D2F-B4470EF198F4}.Debug|Any CPU.ActiveCfg = Debug|Any CPU
		{B862BD70-BC5B-48FC-8D2F-B4470EF198F4}.Debug|Any CPU.Build.0 = Debug|Any CPU
		{B862BD70-BC5B-48FC-8D2F-B4470EF198F4}.Release|Any CPU.ActiveCfg = Release|Any CPU
		{B862BD70-BC5B-48FC-8D2F-B4470EF198F4}.Release|Any CPU.Build.0 = Release|Any CPU
		{21D61CFD-5DE6-48F5-A99D-B3D781032B16}.Debug|Any CPU.ActiveCfg = Debug|Any CPU
		{21D61CFD-5DE6-48F5-A99D-B3D781032B16}.Debug|Any CPU.Build.0 = Debug|Any CPU
		{21D61CFD-5DE6-48F5-A99D-B3D781032B16}.Release|Any CPU.ActiveCfg = Release|Any CPU
		{21D61CFD-5DE6-48F5-A99D-B3D781032B16}.Release|Any CPU.Build.0 = Release|Any CPU
	EndGlobalSection
	GlobalSection(SolutionProperties) = preSolution
		HideSolutionNode = FALSE
	EndGlobalSection
	GlobalSection(ExtensibilityGlobals) = postSolution
		SolutionGuid = {F9C7AE25-263B-4A02-9BC0-632370BB1004}
	EndGlobalSection
EndGlobal
